
Microsoft Visual Studio Solution File, Format Version 12.00
# Visual Studio Version 17
VisualStudioVersion = 17.5.002.0
MinimumVisualStudioVersion = 10.0.40219.1
Project("{9A19103F-16F7-4668-BE54-9A1E7A4F7556}") = "Mod", "Mod.csproj", "{611E39FB-E1B1-4E33-8504-F1A4FF918D4F}"
EndProject
Global
	GlobalSection(SolutionConfigurationPlatforms) = preSolution
		Debug|Any CPU = Debug|Any CPU
		Release|Any CPU = Release|Any CPU
	EndGlobalSection
	GlobalSection(ProjectConfigurationPlatforms) = postSolution
		{611E39FB-E1B1-4E33-8504-F1A4FF918D4F}.Debug|Any CPU.ActiveCfg = Debug|Any CPU
		{611E39FB-E1B1-4E33-8504-F1A4FF918D4F}.Debug|Any CPU.Build.0 = Debug|Any CPU
		{611E39FB-E1B1-4E33-8504-F1A4FF918D4F}.Release|Any CPU.ActiveCfg = Release|Any CPU
		{611E39FB-E1B1-4E33-8504-F1A4FF918D4F}.Release|Any CPU.Build.0 = Release|Any CPU
	EndGlobalSection
	GlobalSection(SolutionProperties) = preSolution
		HideSolutionNode = FALSE
	EndGlobalSection
	GlobalSection(ExtensibilityGlobals) = postSolution
		SolutionGuid = {08524910-5F50-4DE0-ACC7-5E46FF0765FD}
	EndGlobalSection
EndGlobal
